
Microsoft Visual Studio Solution File, Format Version 12.00
# Visual Studio 15
VisualStudioVersion = 15.0.27130.2010
MinimumVisualStudioVersion = 10.0.40219.1
Project("{FAE04EC0-301F-11D3-BF4B-00C04F79EFBC}") = "OddOccurance", "OddOccurance\OddOccurance.csproj", "{A1196954-4A15-4A8D-B9B1-3F13E281BB81}"
EndProject
Project("{FAE04EC0-301F-11D3-BF4B-00C04F79EFBC}") = "UniqueCharacters", "UniqueCharacters\UniqueCharacters.csproj", "{B0F67D77-B815-468D-8B57-81EB61F4397E}"
EndProject
Project("{FAE04EC0-301F-11D3-BF4B-00C04F79EFBC}") = "Permutations", "Permutations\Permutations.csproj", "{4768F9CB-462D-4357-B31D-EEBA9A8A47B5}"
EndProject
Project("{FAE04EC0-301F-11D3-BF4B-00C04F79EFBC}") = "ReplaceSpaces", "ReplaceSpaces\ReplaceSpaces.csproj", "{49886AAE-4C61-42A3-9235-410EB1C334E1}"
EndProject
Project("{FAE04EC0-301F-11D3-BF4B-00C04F79EFBC}") = "PalindromePermutation", "PalindromePermutation\PalindromePermutation.csproj", "{01ECEBAD-D992-49E1-B3F2-6DFFD33237DF}"
EndProject
Project("{FAE04EC0-301F-11D3-BF4B-00C04F79EFBC}") = "OneAwayEdit", "OneAwayEdit\OneAwayEdit.csproj", "{E497191E-554C-4D77-A640-048A4D45335D}"
EndProject
Project("{FAE04EC0-301F-11D3-BF4B-00C04F79EFBC}") = "StringCompression", "StringCompression\StringCompression.csproj", "{2239319F-0A1C-4557-808D-16B7B8E99984}"
EndProject
Project("{FAE04EC0-301F-11D3-BF4B-00C04F79EFBC}") = "RotateMatrix", "RotateMatrix\RotateMatrix.csproj", "{1674BBFE-7026-4D08-8FB1-0D0D6DFDF0F0}"
EndProject
Project("{FAE04EC0-301F-11D3-BF4B-00C04F79EFBC}") = "Kadane'sAlgorithm_MaxSubArray", "Kadane'sAlgorithm_MaxSubArray\Kadane'sAlgorithm_MaxSubArray.csproj", "{A1036C87-C8D2-4A80-BC92-86F33C721DBF}"
EndProject
Project("{FAE04EC0-301F-11D3-BF4B-00C04F79EFBC}") = "StringReversal", "StringReversal\StringReversal.csproj", "{B06C019C-24E6-452D-B4B1-EEF4AF446C5F}"
EndProject
Project("{FAE04EC0-301F-11D3-BF4B-00C04F79EFBC}") = "atoi", "atoi\atoi.csproj", "{4FDFF28D-6FC2-497D-8460-67DC3113DE65}"
EndProject
Project("{FAE04EC0-301F-11D3-BF4B-00C04F79EFBC}") = "ReverseArrayWithoutNewArray", "ReverseArrayWithoutNewArray\ReverseArrayWithoutNewArray.csproj", "{21855DB3-E6AB-4F59-BD04-297B36C221E5}"
EndProject
Project("{FAE04EC0-301F-11D3-BF4B-00C04F79EFBC}") = "returnindicesoftwonumbers", "returnindicesoftwonumbers\returnindicesoftwonumbers.csproj", "{09A7B959-0ECF-46AC-BB01-20F29FC3086F}"
EndProject
Project("{FAE04EC0-301F-11D3-BF4B-00C04F79EFBC}") = "find-first-string-subsequence-second", "find-first-string-subsequence-second\find-first-string-subsequence-second.csproj", "{78A07F76-3E38-4B82-AB5E-DAC39BDB22F7}"
EndProject
Project("{FAE04EC0-301F-11D3-BF4B-00C04F79EFBC}") = "FindAllPermutations", "FindAllPermutations\FindAllPermutations.csproj", "{139A6A46-30BB-409D-853C-9F79A84AEB44}"
EndProject
Project("{FAE04EC0-301F-11D3-BF4B-00C04F79EFBC}") = "Rabin-Karp-PatternMatching", "Rabin-Karp-PatternMatching\Rabin-Karp-PatternMatching.csproj", "{60913E4D-40F2-4561-955F-38B9340BB11F}"
EndProject
Project("{FAE04EC0-301F-11D3-BF4B-00C04F79EFBC}") = "MedianFinder", "MedianFinder\MedianFinder.csproj", "{DB9A5483-E46B-4C14-A14E-5323FEEC2204}"
EndProject
Project("{FAE04EC0-301F-11D3-BF4B-00C04F79EFBC}") = "TwoSum", "TwoSum\TwoSum.csproj", "{66B46480-B104-4A25-9CAA-4D4878FAE953}"
EndProject
Project("{FAE04EC0-301F-11D3-BF4B-00C04F79EFBC}") = "TreePostOrderTraversal", "ConsoleApp1\TreePostOrderTraversal.csproj", "{5F3B6F87-F51B-41A1-BF6B-00EBB03FEF18}"
EndProject
Project("{FAE04EC0-301F-11D3-BF4B-00C04F79EFBC}") = "QuickSort", "QuickSort\QuickSort.csproj", "{E1466800-2F39-4889-816D-D6914286523C}"
EndProject
Project("{FAE04EC0-301F-11D3-BF4B-00C04F79EFBC}") = "ThreeSum", "ThreeSum\ThreeSum.csproj", "{1B3C619E-748F-4685-9358-D850A50395DC}"
EndProject
Project("{2150E333-8FDC-42A3-9474-1A3956D46DE8}") = "LeetCode-Microsoft", "LeetCode-Microsoft", "{1D25791A-A478-4B36-B686-0C0FD236721C}"
EndProject
Project("{FAE04EC0-301F-11D3-BF4B-00C04F79EFBC}") = "CopListwithRandomPointer", "CopListwithRandomPointer\CopListwithRandomPointer.csproj", "{A100FF89-5867-4E28-A3AE-81EA4A00462B}"
EndProject
Project("{FAE04EC0-301F-11D3-BF4B-00C04F79EFBC}") = "IntegerToCharArray", "IntegerToCharArray\IntegerToCharArray.csproj", "{963223A3-98CC-42BD-A8AB-704596356B28}"
EndProject
Project("{2150E333-8FDC-42A3-9474-1A3956D46DE8}") = "LeetCode-FB", "LeetCode-FB", "{8EE2C165-D24C-40A5-B64D-AA0518FDBFC2}"
EndProject
Project("{FAE04EC0-301F-11D3-BF4B-00C04F79EFBC}") = "RemoveInvalidParentheses", "RemoveInvalidParentheses\RemoveInvalidParentheses.csproj", "{7750B1A7-8E3F-4368-BD86-E0C9B0806643}"
EndProject
Project("{FAE04EC0-301F-11D3-BF4B-00C04F79EFBC}") = "FindKthSmallestin2SortedArrays", "FindKthSmallestin2SortedArrays\FindKthSmallestin2SortedArrays.csproj", "{B1CDAADC-33BA-485F-AB45-A344AF7C039A}"
EndProject
Project("{FAE04EC0-301F-11D3-BF4B-00C04F79EFBC}") = "LeastInterval", "LeastInterval\LeastInterval.csproj", "{ADE6164F-2F93-41CC-AAAF-226C75AE46EC}"
EndProject
Project("{FAE04EC0-301F-11D3-BF4B-00C04F79EFBC}") = "NumbertoEnglishWords", "NumbertoEnglishWords\NumbertoEnglishWords.csproj", "{F18F723A-412E-4360-96C8-1043D51C4DD7}"
EndProject
Project("{FAE04EC0-301F-11D3-BF4B-00C04F79EFBC}") = "MoveZeroes", "MoveZeroes\MoveZeroes.csproj", "{1CDB69D1-B46A-4BF0-8D61-C950034FEEE2}"
EndProject
Project("{FAE04EC0-301F-11D3-BF4B-00C04F79EFBC}") = "AddBinary", "AddBinary\AddBinary.csproj", "{001D1DCC-4669-420E-8BE9-9EEABDE9C9F3}"
EndProject
Project("{FAE04EC0-301F-11D3-BF4B-00C04F79EFBC}") = "MeetingRoomsII", "MeetingRoomsII\MeetingRoomsII.csproj", "{F5D14E43-30E4-45C5-8CBE-D24E1337399F}"
EndProject
Project("{FAE04EC0-301F-11D3-BF4B-00C04F79EFBC}") = "Maximum Size Subarray Sum Equals k", "Maximum Size Subarray Sum Equals k\Maximum Size Subarray Sum Equals k.csproj", "{74BA14CB-66C0-44C9-BC63-3D2D4188FD67}"
EndProject
Project("{FAE04EC0-301F-11D3-BF4B-00C04F79EFBC}") = "DecodeWays", "DecodeWays\DecodeWays.csproj", "{F111AFFC-4F79-4F86-8EB5-0E74BDCD9769}"
EndProject
Project("{FAE04EC0-301F-11D3-BF4B-00C04F79EFBC}") = "BinaryTreeVerticalOrderTraversal", "BinaryTreeVerticalOrderTraversal\BinaryTreeVerticalOrderTraversal.csproj", "{E7316E80-8C1A-410C-96A1-39B96EE91FBD}"
EndProject
Project("{FAE04EC0-301F-11D3-BF4B-00C04F79EFBC}") = "OneAwayEditPalendrome", "OneAwayEditPalendrome\OneAwayEditPalendrome.csproj", "{CE5D6690-54BA-4F46-A726-C3917B0B7C16}"
EndProject
Project("{FAE04EC0-301F-11D3-BF4B-00C04F79EFBC}") = "K-SubSequences", "K-SubSequences\K-SubSequences.csproj", "{64B21EC8-164C-4AED-9BAB-F498C384EA53}"
EndProject
Project("{2150E333-8FDC-42A3-9474-1A3956D46DE8}") = "Arrays - LeetCode", "Arrays - LeetCode", "{9A094FB2-289B-43F1-88ED-399C9F35B957}"
EndProject
Project("{FAE04EC0-301F-11D3-BF4B-00C04F79EFBC}") = "PlusOne", "PlusOne\PlusOne.csproj", "{5CF3608F-9D0B-4237-A6DA-7884A4994517}"
EndProject
Project("{FAE04EC0-301F-11D3-BF4B-00C04F79EFBC}") = "ArraySelfProduct", "ArraySelfProduct\ArraySelfProduct.csproj", "{E1954474-2333-4369-B176-6241C7E414ED}"
EndProject
Project("{FAE04EC0-301F-11D3-BF4B-00C04F79EFBC}") = "MergeTwoSortedArrays", "MergeTwoSortedArrays\MergeTwoSortedArrays.csproj", "{7040187A-288A-4008-B28D-4DB0C2ABBAA0}"
EndProject
Project("{2150E333-8FDC-42A3-9474-1A3956D46DE8}") = "Strings-LeetCode", "Strings-LeetCode", "{C01625C6-B84C-470C-BFFC-24DE4B4C3B99}"
EndProject
Project("{FAE04EC0-301F-11D3-BF4B-00C04F79EFBC}") = "LongestCommonPrefix", "LongestCommonPrefix\LongestCommonPrefix.csproj", "{4D5CF35E-C180-4679-9B88-DCEA935F96B4}"
EndProject
Global
	GlobalSection(SolutionConfigurationPlatforms) = preSolution
		Debug|Any CPU = Debug|Any CPU
		Release|Any CPU = Release|Any CPU
	EndGlobalSection
	GlobalSection(ProjectConfigurationPlatforms) = postSolution
		{A1196954-4A15-4A8D-B9B1-3F13E281BB81}.Debug|Any CPU.ActiveCfg = Debug|Any CPU
		{A1196954-4A15-4A8D-B9B1-3F13E281BB81}.Debug|Any CPU.Build.0 = Debug|Any CPU
		{A1196954-4A15-4A8D-B9B1-3F13E281BB81}.Release|Any CPU.ActiveCfg = Release|Any CPU
		{A1196954-4A15-4A8D-B9B1-3F13E281BB81}.Release|Any CPU.Build.0 = Release|Any CPU
		{B0F67D77-B815-468D-8B57-81EB61F4397E}.Debug|Any CPU.ActiveCfg = Debug|Any CPU
		{B0F67D77-B815-468D-8B57-81EB61F4397E}.Debug|Any CPU.Build.0 = Debug|Any CPU
		{B0F67D77-B815-468D-8B57-81EB61F4397E}.Release|Any CPU.ActiveCfg = Release|Any CPU
		{B0F67D77-B815-468D-8B57-81EB61F4397E}.Release|Any CPU.Build.0 = Release|Any CPU
		{4768F9CB-462D-4357-B31D-EEBA9A8A47B5}.Debug|Any CPU.ActiveCfg = Debug|Any CPU
		{4768F9CB-462D-4357-B31D-EEBA9A8A47B5}.Debug|Any CPU.Build.0 = Debug|Any CPU
		{4768F9CB-462D-4357-B31D-EEBA9A8A47B5}.Release|Any CPU.ActiveCfg = Release|Any CPU
		{4768F9CB-462D-4357-B31D-EEBA9A8A47B5}.Release|Any CPU.Build.0 = Release|Any CPU
		{49886AAE-4C61-42A3-9235-410EB1C334E1}.Debug|Any CPU.ActiveCfg = Debug|Any CPU
		{49886AAE-4C61-42A3-9235-410EB1C334E1}.Debug|Any CPU.Build.0 = Debug|Any CPU
		{49886AAE-4C61-42A3-9235-410EB1C334E1}.Release|Any CPU.ActiveCfg = Release|Any CPU
		{49886AAE-4C61-42A3-9235-410EB1C334E1}.Release|Any CPU.Build.0 = Release|Any CPU
		{01ECEBAD-D992-49E1-B3F2-6DFFD33237DF}.Debug|Any CPU.ActiveCfg = Debug|Any CPU
		{01ECEBAD-D992-49E1-B3F2-6DFFD33237DF}.Debug|Any CPU.Build.0 = Debug|Any CPU
		{01ECEBAD-D992-49E1-B3F2-6DFFD33237DF}.Release|Any CPU.ActiveCfg = Release|Any CPU
		{01ECEBAD-D992-49E1-B3F2-6DFFD33237DF}.Release|Any CPU.Build.0 = Release|Any CPU
		{E497191E-554C-4D77-A640-048A4D45335D}.Debug|Any CPU.ActiveCfg = Debug|Any CPU
		{E497191E-554C-4D77-A640-048A4D45335D}.Debug|Any CPU.Build.0 = Debug|Any CPU
		{E497191E-554C-4D77-A640-048A4D45335D}.Release|Any CPU.ActiveCfg = Release|Any CPU
		{E497191E-554C-4D77-A640-048A4D45335D}.Release|Any CPU.Build.0 = Release|Any CPU
		{2239319F-0A1C-4557-808D-16B7B8E99984}.Debug|Any CPU.ActiveCfg = Debug|Any CPU
		{2239319F-0A1C-4557-808D-16B7B8E99984}.Debug|Any CPU.Build.0 = Debug|Any CPU
		{2239319F-0A1C-4557-808D-16B7B8E99984}.Release|Any CPU.ActiveCfg = Release|Any CPU
		{2239319F-0A1C-4557-808D-16B7B8E99984}.Release|Any CPU.Build.0 = Release|Any CPU
		{1674BBFE-7026-4D08-8FB1-0D0D6DFDF0F0}.Debug|Any CPU.ActiveCfg = Debug|Any CPU
		{1674BBFE-7026-4D08-8FB1-0D0D6DFDF0F0}.Debug|Any CPU.Build.0 = Debug|Any CPU
		{1674BBFE-7026-4D08-8FB1-0D0D6DFDF0F0}.Release|Any CPU.ActiveCfg = Release|Any CPU
		{1674BBFE-7026-4D08-8FB1-0D0D6DFDF0F0}.Release|Any CPU.Build.0 = Release|Any CPU
		{A1036C87-C8D2-4A80-BC92-86F33C721DBF}.Debug|Any CPU.ActiveCfg = Debug|Any CPU
		{A1036C87-C8D2-4A80-BC92-86F33C721DBF}.Debug|Any CPU.Build.0 = Debug|Any CPU
		{A1036C87-C8D2-4A80-BC92-86F33C721DBF}.Release|Any CPU.ActiveCfg = Release|Any CPU
		{A1036C87-C8D2-4A80-BC92-86F33C721DBF}.Release|Any CPU.Build.0 = Release|Any CPU
		{B06C019C-24E6-452D-B4B1-EEF4AF446C5F}.Debug|Any CPU.ActiveCfg = Debug|Any CPU
		{B06C019C-24E6-452D-B4B1-EEF4AF446C5F}.Debug|Any CPU.Build.0 = Debug|Any CPU
		{B06C019C-24E6-452D-B4B1-EEF4AF446C5F}.Release|Any CPU.ActiveCfg = Release|Any CPU
		{B06C019C-24E6-452D-B4B1-EEF4AF446C5F}.Release|Any CPU.Build.0 = Release|Any CPU
		{4FDFF28D-6FC2-497D-8460-67DC3113DE65}.Debug|Any CPU.ActiveCfg = Debug|Any CPU
		{4FDFF28D-6FC2-497D-8460-67DC3113DE65}.Debug|Any CPU.Build.0 = Debug|Any CPU
		{4FDFF28D-6FC2-497D-8460-67DC3113DE65}.Release|Any CPU.ActiveCfg = Release|Any CPU
		{4FDFF28D-6FC2-497D-8460-67DC3113DE65}.Release|Any CPU.Build.0 = Release|Any CPU
		{21855DB3-E6AB-4F59-BD04-297B36C221E5}.Debug|Any CPU.ActiveCfg = Debug|Any CPU
		{21855DB3-E6AB-4F59-BD04-297B36C221E5}.Debug|Any CPU.Build.0 = Debug|Any CPU
		{21855DB3-E6AB-4F59-BD04-297B36C221E5}.Release|Any CPU.ActiveCfg = Release|Any CPU
		{21855DB3-E6AB-4F59-BD04-297B36C221E5}.Release|Any CPU.Build.0 = Release|Any CPU
		{09A7B959-0ECF-46AC-BB01-20F29FC3086F}.Debug|Any CPU.ActiveCfg = Debug|Any CPU
		{09A7B959-0ECF-46AC-BB01-20F29FC3086F}.Debug|Any CPU.Build.0 = Debug|Any CPU
		{09A7B959-0ECF-46AC-BB01-20F29FC3086F}.Release|Any CPU.ActiveCfg = Release|Any CPU
		{09A7B959-0ECF-46AC-BB01-20F29FC3086F}.Release|Any CPU.Build.0 = Release|Any CPU
		{78A07F76-3E38-4B82-AB5E-DAC39BDB22F7}.Debug|Any CPU.ActiveCfg = Debug|Any CPU
		{78A07F76-3E38-4B82-AB5E-DAC39BDB22F7}.Debug|Any CPU.Build.0 = Debug|Any CPU
		{78A07F76-3E38-4B82-AB5E-DAC39BDB22F7}.Release|Any CPU.ActiveCfg = Release|Any CPU
		{78A07F76-3E38-4B82-AB5E-DAC39BDB22F7}.Release|Any CPU.Build.0 = Release|Any CPU
		{139A6A46-30BB-409D-853C-9F79A84AEB44}.Debug|Any CPU.ActiveCfg = Debug|Any CPU
		{139A6A46-30BB-409D-853C-9F79A84AEB44}.Debug|Any CPU.Build.0 = Debug|Any CPU
		{139A6A46-30BB-409D-853C-9F79A84AEB44}.Release|Any CPU.ActiveCfg = Release|Any CPU
		{139A6A46-30BB-409D-853C-9F79A84AEB44}.Release|Any CPU.Build.0 = Release|Any CPU
		{60913E4D-40F2-4561-955F-38B9340BB11F}.Debug|Any CPU.ActiveCfg = Debug|Any CPU
		{60913E4D-40F2-4561-955F-38B9340BB11F}.Debug|Any CPU.Build.0 = Debug|Any CPU
		{60913E4D-40F2-4561-955F-38B9340BB11F}.Release|Any CPU.ActiveCfg = Release|Any CPU
		{60913E4D-40F2-4561-955F-38B9340BB11F}.Release|Any CPU.Build.0 = Release|Any CPU
		{DB9A5483-E46B-4C14-A14E-5323FEEC2204}.Debug|Any CPU.ActiveCfg = Debug|Any CPU
		{DB9A5483-E46B-4C14-A14E-5323FEEC2204}.Debug|Any CPU.Build.0 = Debug|Any CPU
		{DB9A5483-E46B-4C14-A14E-5323FEEC2204}.Release|Any CPU.ActiveCfg = Release|Any CPU
		{DB9A5483-E46B-4C14-A14E-5323FEEC2204}.Release|Any CPU.Build.0 = Release|Any CPU
		{66B46480-B104-4A25-9CAA-4D4878FAE953}.Debug|Any CPU.ActiveCfg = Debug|Any CPU
		{66B46480-B104-4A25-9CAA-4D4878FAE953}.Debug|Any CPU.Build.0 = Debug|Any CPU
		{66B46480-B104-4A25-9CAA-4D4878FAE953}.Release|Any CPU.ActiveCfg = Release|Any CPU
		{66B46480-B104-4A25-9CAA-4D4878FAE953}.Release|Any CPU.Build.0 = Release|Any CPU
		{5F3B6F87-F51B-41A1-BF6B-00EBB03FEF18}.Debug|Any CPU.ActiveCfg = Debug|Any CPU
		{5F3B6F87-F51B-41A1-BF6B-00EBB03FEF18}.Debug|Any CPU.Build.0 = Debug|Any CPU
		{5F3B6F87-F51B-41A1-BF6B-00EBB03FEF18}.Release|Any CPU.ActiveCfg = Release|Any CPU
		{5F3B6F87-F51B-41A1-BF6B-00EBB03FEF18}.Release|Any CPU.Build.0 = Release|Any CPU
		{E1466800-2F39-4889-816D-D6914286523C}.Debug|Any CPU.ActiveCfg = Debug|Any CPU
		{E1466800-2F39-4889-816D-D6914286523C}.Debug|Any CPU.Build.0 = Debug|Any CPU
		{E1466800-2F39-4889-816D-D6914286523C}.Release|Any CPU.ActiveCfg = Release|Any CPU
		{E1466800-2F39-4889-816D-D6914286523C}.Release|Any CPU.Build.0 = Release|Any CPU
		{1B3C619E-748F-4685-9358-D850A50395DC}.Debug|Any CPU.ActiveCfg = Debug|Any CPU
		{1B3C619E-748F-4685-9358-D850A50395DC}.Debug|Any CPU.Build.0 = Debug|Any CPU
		{1B3C619E-748F-4685-9358-D850A50395DC}.Release|Any CPU.ActiveCfg = Release|Any CPU
		{1B3C619E-748F-4685-9358-D850A50395DC}.Release|Any CPU.Build.0 = Release|Any CPU
		{A100FF89-5867-4E28-A3AE-81EA4A00462B}.Debug|Any CPU.ActiveCfg = Debug|Any CPU
		{A100FF89-5867-4E28-A3AE-81EA4A00462B}.Debug|Any CPU.Build.0 = Debug|Any CPU
		{A100FF89-5867-4E28-A3AE-81EA4A00462B}.Release|Any CPU.ActiveCfg = Release|Any CPU
		{A100FF89-5867-4E28-A3AE-81EA4A00462B}.Release|Any CPU.Build.0 = Release|Any CPU
		{963223A3-98CC-42BD-A8AB-704596356B28}.Debug|Any CPU.ActiveCfg = Debug|Any CPU
		{963223A3-98CC-42BD-A8AB-704596356B28}.Debug|Any CPU.Build.0 = Debug|Any CPU
		{963223A3-98CC-42BD-A8AB-704596356B28}.Release|Any CPU.ActiveCfg = Release|Any CPU
		{963223A3-98CC-42BD-A8AB-704596356B28}.Release|Any CPU.Build.0 = Release|Any CPU
		{7750B1A7-8E3F-4368-BD86-E0C9B0806643}.Debug|Any CPU.ActiveCfg = Debug|Any CPU
		{7750B1A7-8E3F-4368-BD86-E0C9B0806643}.Debug|Any CPU.Build.0 = Debug|Any CPU
		{7750B1A7-8E3F-4368-BD86-E0C9B0806643}.Release|Any CPU.ActiveCfg = Release|Any CPU
		{7750B1A7-8E3F-4368-BD86-E0C9B0806643}.Release|Any CPU.Build.0 = Release|Any CPU
		{B1CDAADC-33BA-485F-AB45-A344AF7C039A}.Debug|Any CPU.ActiveCfg = Debug|Any CPU
		{B1CDAADC-33BA-485F-AB45-A344AF7C039A}.Debug|Any CPU.Build.0 = Debug|Any CPU
		{B1CDAADC-33BA-485F-AB45-A344AF7C039A}.Release|Any CPU.ActiveCfg = Release|Any CPU
		{B1CDAADC-33BA-485F-AB45-A344AF7C039A}.Release|Any CPU.Build.0 = Release|Any CPU
		{ADE6164F-2F93-41CC-AAAF-226C75AE46EC}.Debug|Any CPU.ActiveCfg = Debug|Any CPU
		{ADE6164F-2F93-41CC-AAAF-226C75AE46EC}.Debug|Any CPU.Build.0 = Debug|Any CPU
		{ADE6164F-2F93-41CC-AAAF-226C75AE46EC}.Release|Any CPU.ActiveCfg = Release|Any CPU
		{ADE6164F-2F93-41CC-AAAF-226C75AE46EC}.Release|Any CPU.Build.0 = Release|Any CPU
		{F18F723A-412E-4360-96C8-1043D51C4DD7}.Debug|Any CPU.ActiveCfg = Debug|Any CPU
		{F18F723A-412E-4360-96C8-1043D51C4DD7}.Debug|Any CPU.Build.0 = Debug|Any CPU
		{F18F723A-412E-4360-96C8-1043D51C4DD7}.Release|Any CPU.ActiveCfg = Release|Any CPU
		{F18F723A-412E-4360-96C8-1043D51C4DD7}.Release|Any CPU.Build.0 = Release|Any CPU
		{1CDB69D1-B46A-4BF0-8D61-C950034FEEE2}.Debug|Any CPU.ActiveCfg = Debug|Any CPU
		{1CDB69D1-B46A-4BF0-8D61-C950034FEEE2}.Debug|Any CPU.Build.0 = Debug|Any CPU
		{1CDB69D1-B46A-4BF0-8D61-C950034FEEE2}.Release|Any CPU.ActiveCfg = Release|Any CPU
		{1CDB69D1-B46A-4BF0-8D61-C950034FEEE2}.Release|Any CPU.Build.0 = Release|Any CPU
		{001D1DCC-4669-420E-8BE9-9EEABDE9C9F3}.Debug|Any CPU.ActiveCfg = Debug|Any CPU
		{001D1DCC-4669-420E-8BE9-9EEABDE9C9F3}.Debug|Any CPU.Build.0 = Debug|Any CPU
		{001D1DCC-4669-420E-8BE9-9EEABDE9C9F3}.Release|Any CPU.ActiveCfg = Release|Any CPU
		{001D1DCC-4669-420E-8BE9-9EEABDE9C9F3}.Release|Any CPU.Build.0 = Release|Any CPU
		{F5D14E43-30E4-45C5-8CBE-D24E1337399F}.Debug|Any CPU.ActiveCfg = Debug|Any CPU
		{F5D14E43-30E4-45C5-8CBE-D24E1337399F}.Debug|Any CPU.Build.0 = Debug|Any CPU
		{F5D14E43-30E4-45C5-8CBE-D24E1337399F}.Release|Any CPU.ActiveCfg = Release|Any CPU
		{F5D14E43-30E4-45C5-8CBE-D24E1337399F}.Release|Any CPU.Build.0 = Release|Any CPU
		{74BA14CB-66C0-44C9-BC63-3D2D4188FD67}.Debug|Any CPU.ActiveCfg = Debug|Any CPU
		{74BA14CB-66C0-44C9-BC63-3D2D4188FD67}.Debug|Any CPU.Build.0 = Debug|Any CPU
		{74BA14CB-66C0-44C9-BC63-3D2D4188FD67}.Release|Any CPU.ActiveCfg = Release|Any CPU
		{74BA14CB-66C0-44C9-BC63-3D2D4188FD67}.Release|Any CPU.Build.0 = Release|Any CPU
		{F111AFFC-4F79-4F86-8EB5-0E74BDCD9769}.Debug|Any CPU.ActiveCfg = Debug|Any CPU
		{F111AFFC-4F79-4F86-8EB5-0E74BDCD9769}.Debug|Any CPU.Build.0 = Debug|Any CPU
		{F111AFFC-4F79-4F86-8EB5-0E74BDCD9769}.Release|Any CPU.ActiveCfg = Release|Any CPU
		{F111AFFC-4F79-4F86-8EB5-0E74BDCD9769}.Release|Any CPU.Build.0 = Release|Any CPU
		{E7316E80-8C1A-410C-96A1-39B96EE91FBD}.Debug|Any CPU.ActiveCfg = Debug|Any CPU
		{E7316E80-8C1A-410C-96A1-39B96EE91FBD}.Debug|Any CPU.Build.0 = Debug|Any CPU
		{E7316E80-8C1A-410C-96A1-39B96EE91FBD}.Release|Any CPU.ActiveCfg = Release|Any CPU
		{E7316E80-8C1A-410C-96A1-39B96EE91FBD}.Release|Any CPU.Build.0 = Release|Any CPU
		{CE5D6690-54BA-4F46-A726-C3917B0B7C16}.Debug|Any CPU.ActiveCfg = Debug|Any CPU
		{CE5D6690-54BA-4F46-A726-C3917B0B7C16}.Debug|Any CPU.Build.0 = Debug|Any CPU
		{CE5D6690-54BA-4F46-A726-C3917B0B7C16}.Release|Any CPU.ActiveCfg = Release|Any CPU
		{CE5D6690-54BA-4F46-A726-C3917B0B7C16}.Release|Any CPU.Build.0 = Release|Any CPU
		{64B21EC8-164C-4AED-9BAB-F498C384EA53}.Debug|Any CPU.ActiveCfg = Debug|Any CPU
		{64B21EC8-164C-4AED-9BAB-F498C384EA53}.Debug|Any CPU.Build.0 = Debug|Any CPU
		{64B21EC8-164C-4AED-9BAB-F498C384EA53}.Release|Any CPU.ActiveCfg = Release|Any CPU
		{64B21EC8-164C-4AED-9BAB-F498C384EA53}.Release|Any CPU.Build.0 = Release|Any CPU
		{5CF3608F-9D0B-4237-A6DA-7884A4994517}.Debug|Any CPU.ActiveCfg = Debug|Any CPU
		{5CF3608F-9D0B-4237-A6DA-7884A4994517}.Debug|Any CPU.Build.0 = Debug|Any CPU
		{5CF3608F-9D0B-4237-A6DA-7884A4994517}.Release|Any CPU.ActiveCfg = Release|Any CPU
		{5CF3608F-9D0B-4237-A6DA-7884A4994517}.Release|Any CPU.Build.0 = Release|Any CPU
		{E1954474-2333-4369-B176-6241C7E414ED}.Debug|Any CPU.ActiveCfg = Debug|Any CPU
		{E1954474-2333-4369-B176-6241C7E414ED}.Debug|Any CPU.Build.0 = Debug|Any CPU
		{E1954474-2333-4369-B176-6241C7E414ED}.Release|Any CPU.ActiveCfg = Release|Any CPU
		{E1954474-2333-4369-B176-6241C7E414ED}.Release|Any CPU.Build.0 = Release|Any CPU
		{7040187A-288A-4008-B28D-4DB0C2ABBAA0}.Debug|Any CPU.ActiveCfg = Debug|Any CPU
		{7040187A-288A-4008-B28D-4DB0C2ABBAA0}.Debug|Any CPU.Build.0 = Debug|Any CPU
		{7040187A-288A-4008-B28D-4DB0C2ABBAA0}.Release|Any CPU.ActiveCfg = Release|Any CPU
		{7040187A-288A-4008-B28D-4DB0C2ABBAA0}.Release|Any CPU.Build.0 = Release|Any CPU
		{4D5CF35E-C180-4679-9B88-DCEA935F96B4}.Debug|Any CPU.ActiveCfg = Debug|Any CPU
		{4D5CF35E-C180-4679-9B88-DCEA935F96B4}.Debug|Any CPU.Build.0 = Debug|Any CPU
		{4D5CF35E-C180-4679-9B88-DCEA935F96B4}.Release|Any CPU.ActiveCfg = Release|Any CPU
		{4D5CF35E-C180-4679-9B88-DCEA935F96B4}.Release|Any CPU.Build.0 = Release|Any CPU
	EndGlobalSection
	GlobalSection(SolutionProperties) = preSolution
		HideSolutionNode = FALSE
	EndGlobalSection
	GlobalSection(NestedProjects) = preSolution
		{A100FF89-5867-4E28-A3AE-81EA4A00462B} = {1D25791A-A478-4B36-B686-0C0FD236721C}
		{963223A3-98CC-42BD-A8AB-704596356B28} = {1D25791A-A478-4B36-B686-0C0FD236721C}
		{7750B1A7-8E3F-4368-BD86-E0C9B0806643} = {8EE2C165-D24C-40A5-B64D-AA0518FDBFC2}
		{B1CDAADC-33BA-485F-AB45-A344AF7C039A} = {8EE2C165-D24C-40A5-B64D-AA0518FDBFC2}
		{ADE6164F-2F93-41CC-AAAF-226C75AE46EC} = {8EE2C165-D24C-40A5-B64D-AA0518FDBFC2}
		{F18F723A-412E-4360-96C8-1043D51C4DD7} = {8EE2C165-D24C-40A5-B64D-AA0518FDBFC2}
		{1CDB69D1-B46A-4BF0-8D61-C950034FEEE2} = {8EE2C165-D24C-40A5-B64D-AA0518FDBFC2}
		{001D1DCC-4669-420E-8BE9-9EEABDE9C9F3} = {8EE2C165-D24C-40A5-B64D-AA0518FDBFC2}
		{F5D14E43-30E4-45C5-8CBE-D24E1337399F} = {8EE2C165-D24C-40A5-B64D-AA0518FDBFC2}
		{74BA14CB-66C0-44C9-BC63-3D2D4188FD67} = {8EE2C165-D24C-40A5-B64D-AA0518FDBFC2}
		{F111AFFC-4F79-4F86-8EB5-0E74BDCD9769} = {8EE2C165-D24C-40A5-B64D-AA0518FDBFC2}
		{E7316E80-8C1A-410C-96A1-39B96EE91FBD} = {8EE2C165-D24C-40A5-B64D-AA0518FDBFC2}
		{CE5D6690-54BA-4F46-A726-C3917B0B7C16} = {8EE2C165-D24C-40A5-B64D-AA0518FDBFC2}
		{64B21EC8-164C-4AED-9BAB-F498C384EA53} = {8EE2C165-D24C-40A5-B64D-AA0518FDBFC2}
		{5CF3608F-9D0B-4237-A6DA-7884A4994517} = {9A094FB2-289B-43F1-88ED-399C9F35B957}
		{E1954474-2333-4369-B176-6241C7E414ED} = {9A094FB2-289B-43F1-88ED-399C9F35B957}
		{7040187A-288A-4008-B28D-4DB0C2ABBAA0} = {9A094FB2-289B-43F1-88ED-399C9F35B957}
		{4D5CF35E-C180-4679-9B88-DCEA935F96B4} = {C01625C6-B84C-470C-BFFC-24DE4B4C3B99}
	EndGlobalSection
	GlobalSection(ExtensibilityGlobals) = postSolution
		SolutionGuid = {C133404C-2247-43AF-A860-71D23DF4EEFA}
	EndGlobalSection
EndGlobal
